
Microsoft Visual Studio Solution File, Format Version 12.00
Project("{2150E333-8FDC-42A3-9474-1A3956D46DE8}") = "ApiConsume", "ApiConsume", "{2F7605A6-3154-4A04-B16D-BC864A44F00D}"
EndProject
Project("{2150E333-8FDC-42A3-9474-1A3956D46DE8}") = "Frontend", "Frontend", "{8261C42F-0A9C-4E48-B32D-01174C204CAE}"
EndProject
Project("{FAE04EC0-301F-11D3-BF4B-00C04F79EFBC}") = "HotelApp.BusinessLayer", "ApiConsume\HotelApp.BusinessLayer\HotelApp.BusinessLayer.csproj", "{74C1AA1A-DDC8-4CE0-A6C4-E1AF49B9DA47}"
EndProject
Project("{FAE04EC0-301F-11D3-BF4B-00C04F79EFBC}") = "HotelApp.DataAccessLayer", "ApiConsume\HotelApp.DataAccessLayer\HotelApp.DataAccessLayer.csproj", "{FF301581-A5BD-4419-90FE-5C951B1C02F7}"
EndProject
Project("{FAE04EC0-301F-11D3-BF4B-00C04F79EFBC}") = "HotelApp.DTOLayer", "ApiConsume\HotelApp.DTOLayer\HotelApp.DTOLayer.csproj", "{3FB2A409-DB4D-403E-A100-0423150576EF}"
EndProject
Project("{FAE04EC0-301F-11D3-BF4B-00C04F79EFBC}") = "HotelApp.EntityLayer", "ApiConsume\HotelApp.EntityLayer\HotelApp.EntityLayer.csproj", "{3AA9D5BF-F04E-4F50-A6BD-F32D804A35E4}"
EndProject
Project("{FAE04EC0-301F-11D3-BF4B-00C04F79EFBC}") = "HotelApp.WebAPI", "ApiConsume\HotelApp.WebAPI\HotelApp.WebAPI.csproj", "{757EF3BC-F689-4A30-9DD5-9BD3C5B7FE20}"
EndProject
Project("{FAE04EC0-301F-11D3-BF4B-00C04F79EFBC}") = "HotelApp.WebUI", "Frontend\HotelApp.WebUI\HotelApp.WebUI.csproj", "{2564CE2E-7699-48D7-9AD9-DA5CC2F04F4D}"
EndProject
Global
	GlobalSection(SolutionConfigurationPlatforms) = preSolution
		Debug|Any CPU = Debug|Any CPU
		Release|Any CPU = Release|Any CPU
	EndGlobalSection
	GlobalSection(NestedProjects) = preSolution
		{74C1AA1A-DDC8-4CE0-A6C4-E1AF49B9DA47} = {2F7605A6-3154-4A04-B16D-BC864A44F00D}
		{FF301581-A5BD-4419-90FE-5C951B1C02F7} = {2F7605A6-3154-4A04-B16D-BC864A44F00D}
		{3FB2A409-DB4D-403E-A100-0423150576EF} = {2F7605A6-3154-4A04-B16D-BC864A44F00D}
		{3AA9D5BF-F04E-4F50-A6BD-F32D804A35E4} = {2F7605A6-3154-4A04-B16D-BC864A44F00D}
		{757EF3BC-F689-4A30-9DD5-9BD3C5B7FE20} = {2F7605A6-3154-4A04-B16D-BC864A44F00D}
		{2564CE2E-7699-48D7-9AD9-DA5CC2F04F4D} = {8261C42F-0A9C-4E48-B32D-01174C204CAE}
	EndGlobalSection
	GlobalSection(ProjectConfigurationPlatforms) = postSolution
		{74C1AA1A-DDC8-4CE0-A6C4-E1AF49B9DA47}.Debug|Any CPU.ActiveCfg = Debug|Any CPU
		{74C1AA1A-DDC8-4CE0-A6C4-E1AF49B9DA47}.Debug|Any CPU.Build.0 = Debug|Any CPU
		{74C1AA1A-DDC8-4CE0-A6C4-E1AF49B9DA47}.Release|Any CPU.ActiveCfg = Release|Any CPU
		{74C1AA1A-DDC8-4CE0-A6C4-E1AF49B9DA47}.Release|Any CPU.Build.0 = Release|Any CPU
		{FF301581-A5BD-4419-90FE-5C951B1C02F7}.Debug|Any CPU.ActiveCfg = Debug|Any CPU
		{FF301581-A5BD-4419-90FE-5C951B1C02F7}.Debug|Any CPU.Build.0 = Debug|Any CPU
		{FF301581-A5BD-4419-90FE-5C951B1C02F7}.Release|Any CPU.ActiveCfg = Release|Any CPU
		{FF301581-A5BD-4419-90FE-5C951B1C02F7}.Release|Any CPU.Build.0 = Release|Any CPU
		{3FB2A409-DB4D-403E-A100-0423150576EF}.Debug|Any CPU.ActiveCfg = Debug|Any CPU
		{3FB2A409-DB4D-403E-A100-0423150576EF}.Debug|Any CPU.Build.0 = Debug|Any CPU
		{3FB2A409-DB4D-403E-A100-0423150576EF}.Release|Any CPU.ActiveCfg = Release|Any CPU
		{3FB2A409-DB4D-403E-A100-0423150576EF}.Release|Any CPU.Build.0 = Release|Any CPU
		{3AA9D5BF-F04E-4F50-A6BD-F32D804A35E4}.Debug|Any CPU.ActiveCfg = Debug|Any CPU
		{3AA9D5BF-F04E-4F50-A6BD-F32D804A35E4}.Debug|Any CPU.Build.0 = Debug|Any CPU
		{3AA9D5BF-F04E-4F50-A6BD-F32D804A35E4}.Release|Any CPU.ActiveCfg = Release|Any CPU
		{3AA9D5BF-F04E-4F50-A6BD-F32D804A35E4}.Release|Any CPU.Build.0 = Release|Any CPU
		{757EF3BC-F689-4A30-9DD5-9BD3C5B7FE20}.Debug|Any CPU.ActiveCfg = Debug|Any CPU
		{757EF3BC-F689-4A30-9DD5-9BD3C5B7FE20}.Debug|Any CPU.Build.0 = Debug|Any CPU
		{757EF3BC-F689-4A30-9DD5-9BD3C5B7FE20}.Release|Any CPU.ActiveCfg = Release|Any CPU
		{757EF3BC-F689-4A30-9DD5-9BD3C5B7FE20}.Release|Any CPU.Build.0 = Release|Any CPU
		{2564CE2E-7699-48D7-9AD9-DA5CC2F04F4D}.Debug|Any CPU.ActiveCfg = Debug|Any CPU
		{2564CE2E-7699-48D7-9AD9-DA5CC2F04F4D}.Debug|Any CPU.Build.0 = Debug|Any CPU
		{2564CE2E-7699-48D7-9AD9-DA5CC2F04F4D}.Release|Any CPU.ActiveCfg = Release|Any CPU
		{2564CE2E-7699-48D7-9AD9-DA5CC2F04F4D}.Release|Any CPU.Build.0 = Release|Any CPU
	EndGlobalSection
EndGlobal
